
Microsoft Visual Studio Solution File, Format Version 12.00
# Visual Studio 15
VisualStudioVersion = 15.0.26730.12
MinimumVisualStudioVersion = 10.0.40219.1
Project("{8BC9CEB8-8B4A-11D0-8D11-00A0C91BC942}") = "TicTacToe", "TicTacToe\TicTacToe.vcxproj", "{DA181871-3F04-4A26-9431-90EB0ACD200A}"
EndProject
Global
	GlobalSection(SolutionConfigurationPlatforms) = preSolution
		Debug|x64 = Debug|x64
		Debug|x86 = Debug|x86
		Release|x64 = Release|x64
		Release|x86 = Release|x86
	EndGlobalSection
	GlobalSection(ProjectConfigurationPlatforms) = postSolution
		{DA181871-3F04-4A26-9431-90EB0ACD200A}.Debug|x64.ActiveCfg = Debug|x64
		{DA181871-3F04-4A26-9431-90EB0ACD200A}.Debug|x64.Build.0 = Debug|x64
		{DA181871-3F04-4A26-9431-90EB0ACD200A}.Debug|x86.ActiveCfg = Debug|Win32
		{DA181871-3F04-4A26-9431-90EB0ACD200A}.Debug|x86.Build.0 = Debug|Win32
		{DA181871-3F04-4A26-9431-90EB0ACD200A}.Release|x64.ActiveCfg = Release|x64
		{DA181871-3F04-4A26-9431-90EB0ACD200A}.Release|x64.Build.0 = Release|x64
		{DA181871-3F04-4A26-9431-90EB0ACD200A}.Release|x86.ActiveCfg = Release|Win32
		{DA181871-3F04-4A26-9431-90EB0ACD200A}.Release|x86.Build.0 = Release|Win32
	EndGlobalSection
	GlobalSection(SolutionProperties) = preSolution
		HideSolutionNode = FALSE
	EndGlobalSection
	GlobalSection(ExtensibilityGlobals) = postSolution
		SolutionGuid = {5D3B1C13-1D09-4273-8C89-56DE6E555C4D}
	EndGlobalSection
EndGlobal
